
Microsoft Visual Studio Solution File, Format Version 12.00
# Visual Studio 15
VisualStudioVersion = 15.0.28010.2036
MinimumVisualStudioVersion = 10.0.40219.1
Project("{FAE04EC0-301F-11D3-BF4B-00C04F79EFBC}") = "SZK", "SZK\SZK.csproj", "{6CB604D0-FA37-4168-B7E6-C662A067BBCB}"
EndProject
Project("{FAE04EC0-301F-11D3-BF4B-00C04F79EFBC}") = "Beastrack", "Beastrack\Beastrack.csproj", "{80D3824B-0963-46F9-A1C4-50E36A4B0C93}"
EndProject
Global
	GlobalSection(SolutionConfigurationPlatforms) = preSolution
		Debug|Any CPU = Debug|Any CPU
		Release|Any CPU = Release|Any CPU
	EndGlobalSection
	GlobalSection(ProjectConfigurationPlatforms) = postSolution
		{6CB604D0-FA37-4168-B7E6-C662A067BBCB}.Debug|Any CPU.ActiveCfg = Debug|Any CPU
		{6CB604D0-FA37-4168-B7E6-C662A067BBCB}.Debug|Any CPU.Build.0 = Debug|Any CPU
		{6CB604D0-FA37-4168-B7E6-C662A067BBCB}.Release|Any CPU.ActiveCfg = Release|Any CPU
		{6CB604D0-FA37-4168-B7E6-C662A067BBCB}.Release|Any CPU.Build.0 = Release|Any CPU
		{80D3824B-0963-46F9-A1C4-50E36A4B0C93}.Debug|Any CPU.ActiveCfg = Debug|Any CPU
		{80D3824B-0963-46F9-A1C4-50E36A4B0C93}.Debug|Any CPU.Build.0 = Debug|Any CPU
		{80D3824B-0963-46F9-A1C4-50E36A4B0C93}.Release|Any CPU.ActiveCfg = Release|Any CPU
		{80D3824B-0963-46F9-A1C4-50E36A4B0C93}.Release|Any CPU.Build.0 = Release|Any CPU
	EndGlobalSection
	GlobalSection(SolutionProperties) = preSolution
		HideSolutionNode = FALSE
	EndGlobalSection
	GlobalSection(ExtensibilityGlobals) = postSolution
		SolutionGuid = {0D18CAED-539E-49E5-B6E9-EEB39892FF60}
	EndGlobalSection
EndGlobal
